
Microsoft Visual Studio Solution File, Format Version 12.00
# Visual Studio Version 17
VisualStudioVersion = 17.8.34408.163
MinimumVisualStudioVersion = 10.0.40219.1
Project("{FAE04EC0-301F-11D3-BF4B-00C04F79EFBC}") = "ProductAPI_CouponAPI", "ProductAPI_CouponAPI\ProductAPI_CouponAPI.csproj", "{513937A1-2600-49BA-8AC1-0FAC8CEF74D9}"
EndProject
Global
	GlobalSection(SolutionConfigurationPlatforms) = preSolution
		Debug|Any CPU = Debug|Any CPU
		Release|Any CPU = Release|Any CPU
	EndGlobalSection
	GlobalSection(ProjectConfigurationPlatforms) = postSolution
		{513937A1-2600-49BA-8AC1-0FAC8CEF74D9}.Debug|Any CPU.ActiveCfg = Debug|Any CPU
		{513937A1-2600-49BA-8AC1-0FAC8CEF74D9}.Debug|Any CPU.Build.0 = Debug|Any CPU
		{513937A1-2600-49BA-8AC1-0FAC8CEF74D9}.Release|Any CPU.ActiveCfg = Release|Any CPU
		{513937A1-2600-49BA-8AC1-0FAC8CEF74D9}.Release|Any CPU.Build.0 = Release|Any CPU
	EndGlobalSection
	GlobalSection(SolutionProperties) = preSolution
		HideSolutionNode = FALSE
	EndGlobalSection
	GlobalSection(ExtensibilityGlobals) = postSolution
		SolutionGuid = {B22BA4CE-071C-40CB-B42F-6153623965E0}
	EndGlobalSection
EndGlobal
